
Microsoft Visual Studio Solution File, Format Version 12.00
# Visual Studio Version 16
VisualStudioVersion = 16.0.30330.147
MinimumVisualStudioVersion = 10.0.40219.1
Project("{FAE04EC0-301F-11D3-BF4B-00C04F79EFBC}") = "AdvancedMultiThreaading", "AdvancedMultiThreaading\AdvancedMultiThreaading.csproj", "{09975B80-866F-4B6B-B74C-56EB81047D39}"
EndProject
Global
	GlobalSection(SolutionConfigurationPlatforms) = preSolution
		Debug|Any CPU = Debug|Any CPU
		Release|Any CPU = Release|Any CPU
	EndGlobalSection
	GlobalSection(ProjectConfigurationPlatforms) = postSolution
		{09975B80-866F-4B6B-B74C-56EB81047D39}.Debug|Any CPU.ActiveCfg = Debug|Any CPU
		{09975B80-866F-4B6B-B74C-56EB81047D39}.Debug|Any CPU.Build.0 = Debug|Any CPU
		{09975B80-866F-4B6B-B74C-56EB81047D39}.Release|Any CPU.ActiveCfg = Release|Any CPU
		{09975B80-866F-4B6B-B74C-56EB81047D39}.Release|Any CPU.Build.0 = Release|Any CPU
	EndGlobalSection
	GlobalSection(SolutionProperties) = preSolution
		HideSolutionNode = FALSE
	EndGlobalSection
	GlobalSection(ExtensibilityGlobals) = postSolution
		SolutionGuid = {208BC8C2-1FD3-45E0-ADCC-0219CC368760}
	EndGlobalSection
EndGlobal
